
Microsoft Visual Studio Solution File, Format Version 12.00
# Visual Studio Version 17
VisualStudioVersion = 17.10.35013.160
MinimumVisualStudioVersion = 10.0.40219.1
Project("{2150E333-8FDC-42A3-9474-1A3956D46DE8}") = "Services", "Services", "{498FDE8B-B9A8-46DB-92AE-F6CC4E8D8F50}"
EndProject
Project("{2150E333-8FDC-42A3-9474-1A3956D46DE8}") = "Catalog", "Catalog", "{B380579E-50E7-4AEC-9F55-5C838E404F2E}"
EndProject
Project("{9A19103F-16F7-4668-BE54-9A1E7A4F7556}") = "CatelogAPI", "Services\Catelog\CatelogAPI\CatelogAPI.csproj", "{E2E6BAF0-2883-4804-8487-D697A229F384}"
EndProject
Project("{2150E333-8FDC-42A3-9474-1A3956D46DE8}") = "BuildingBlocks", "BuildingBlocks", "{A9FED777-D2EE-4B13-BE7F-6427262C2F4B}"
EndProject
Project("{9A19103F-16F7-4668-BE54-9A1E7A4F7556}") = "BuildingBlocks", "BuildingBlocks\BuildingBlocks\BuildingBlocks.csproj", "{00C8EF9B-6B7B-44B1-A9BE-D6DA897D8B17}"
EndProject
Project("{E53339B2-1760-4266-BCC7-CA923CBCF16C}") = "docker-compose", "docker-compose.dcproj", "{2E19F080-FE8C-4313-AA5D-157D57097B0C}"
EndProject
Global
	GlobalSection(SolutionConfigurationPlatforms) = preSolution
		Debug|Any CPU = Debug|Any CPU
		Release|Any CPU = Release|Any CPU
	EndGlobalSection
	GlobalSection(ProjectConfigurationPlatforms) = postSolution
		{E2E6BAF0-2883-4804-8487-D697A229F384}.Debug|Any CPU.ActiveCfg = Debug|Any CPU
		{E2E6BAF0-2883-4804-8487-D697A229F384}.Debug|Any CPU.Build.0 = Debug|Any CPU
		{E2E6BAF0-2883-4804-8487-D697A229F384}.Release|Any CPU.ActiveCfg = Release|Any CPU
		{E2E6BAF0-2883-4804-8487-D697A229F384}.Release|Any CPU.Build.0 = Release|Any CPU
		{00C8EF9B-6B7B-44B1-A9BE-D6DA897D8B17}.Debug|Any CPU.ActiveCfg = Debug|Any CPU
		{00C8EF9B-6B7B-44B1-A9BE-D6DA897D8B17}.Debug|Any CPU.Build.0 = Debug|Any CPU
		{00C8EF9B-6B7B-44B1-A9BE-D6DA897D8B17}.Release|Any CPU.ActiveCfg = Release|Any CPU
		{00C8EF9B-6B7B-44B1-A9BE-D6DA897D8B17}.Release|Any CPU.Build.0 = Release|Any CPU
		{2E19F080-FE8C-4313-AA5D-157D57097B0C}.Debug|Any CPU.ActiveCfg = Debug|Any CPU
		{2E19F080-FE8C-4313-AA5D-157D57097B0C}.Debug|Any CPU.Build.0 = Debug|Any CPU
		{2E19F080-FE8C-4313-AA5D-157D57097B0C}.Release|Any CPU.ActiveCfg = Release|Any CPU
		{2E19F080-FE8C-4313-AA5D-157D57097B0C}.Release|Any CPU.Build.0 = Release|Any CPU
	EndGlobalSection
	GlobalSection(SolutionProperties) = preSolution
		HideSolutionNode = FALSE
	EndGlobalSection
	GlobalSection(NestedProjects) = preSolution
		{B380579E-50E7-4AEC-9F55-5C838E404F2E} = {498FDE8B-B9A8-46DB-92AE-F6CC4E8D8F50}
		{E2E6BAF0-2883-4804-8487-D697A229F384} = {B380579E-50E7-4AEC-9F55-5C838E404F2E}
		{00C8EF9B-6B7B-44B1-A9BE-D6DA897D8B17} = {A9FED777-D2EE-4B13-BE7F-6427262C2F4B}
	EndGlobalSection
	GlobalSection(ExtensibilityGlobals) = postSolution
		SolutionGuid = {21137466-0B60-449C-A72C-4F936FB62B63}
	EndGlobalSection
EndGlobal
